
Microsoft Visual Studio Solution File, Format Version 12.00
# Visual Studio Version 17
VisualStudioVersion = 17.11.35312.102
MinimumVisualStudioVersion = 10.0.40219.1
Project("{2150E333-8FDC-42A3-9474-1A3956D46DE8}") = "Task 0", "Task 0", "{5D7B92E5-EC6C-4D8F-B791-612509564683}"
EndProject
Project("{2150E333-8FDC-42A3-9474-1A3956D46DE8}") = "Task 1", "Task 1", "{14BA72D4-B5A6-4318-86BC-CD13FC5006B8}"
EndProject
Project("{2150E333-8FDC-42A3-9474-1A3956D46DE8}") = "Task 2", "Task 2", "{B64836E0-44C4-4E06-B57C-C847BAFC9A0E}"
EndProject
Project("{2150E333-8FDC-42A3-9474-1A3956D46DE8}") = "Task 3", "Task 3", "{A923C9D0-5E5D-48AF-80DB-7A44D3AC9A23}"
EndProject
Project("{2150E333-8FDC-42A3-9474-1A3956D46DE8}") = "Task 4", "Task 4", "{FCC38E9B-59E0-40A6-A9D1-375F72AE1CA6}"
EndProject
Project("{2150E333-8FDC-42A3-9474-1A3956D46DE8}") = "Task 5", "Task 5", "{4CB5E844-8CD3-4069-9948-4A96E3C718F5}"
EndProject
Project("{2150E333-8FDC-42A3-9474-1A3956D46DE8}") = "Task 6", "Task 6", "{B1B221D0-C020-49A0-94ED-89A4F1CEA6B3}"
EndProject
Project("{2150E333-8FDC-42A3-9474-1A3956D46DE8}") = "Task 7", "Task 7", "{BCBED813-2E29-440A-B146-22F7936FE22E}"
EndProject
Project("{FAE04EC0-301F-11D3-BF4B-00C04F79EFBC}") = "Tyuiu.MironenkoSE.Sprint1.Task0.V6.Lib", "Tyuiu.MironenkoSE.Sprint1.Task0.V6.Lib\Tyuiu.MironenkoSE.Sprint1.Task0.V6.Lib.csproj", "{BBB73EA9-1532-428D-B824-583C6C7CF8CD}"
EndProject
Project("{FAE04EC0-301F-11D3-BF4B-00C04F79EFBC}") = "Tyuiu.MironenkoSE.Sprint1.Task0.V6.Test", "Tyuiu.MironenkoSE.Sprint1.Task0.V6.Test\Tyuiu.MironenkoSE.Sprint1.Task0.V6.Test.csproj", "{7DBEEBC3-3045-4560-8D7D-D99858B71D86}"
EndProject
Project("{FAE04EC0-301F-11D3-BF4B-00C04F79EFBC}") = "Tyuiu.MironenkoSE.Sprint1.Task0.V6", "Tyuiu.MironenkoSE.Sprint1.Task0.V6\Tyuiu.MironenkoSE.Sprint1.Task0.V6.csproj", "{246865EC-BDEB-420D-8790-FF759F1D63FF}"
EndProject
Project("{FAE04EC0-301F-11D3-BF4B-00C04F79EFBC}") = "Tyuiu.MironenkoSE.Sprint1.Task1.V22", "Tyuiu.MironenkoSE.Sprint1.Task1.V22\Tyuiu.MironenkoSE.Sprint1.Task1.V22.csproj", "{94D5294E-5952-475B-802B-77C85B723F37}"
EndProject
Project("{FAE04EC0-301F-11D3-BF4B-00C04F79EFBC}") = "Tyuiu.MironenkoSE.Sprint1.Task1.V22.Test", "Tyuiu.MironenkoSE.Sprint1.Task1.V22.Test\Tyuiu.MironenkoSE.Sprint1.Task1.V22.Test.csproj", "{E809BB02-C51C-444E-9DD4-6F3170F0D757}"
EndProject
Project("{FAE04EC0-301F-11D3-BF4B-00C04F79EFBC}") = "Tyuiu.MironenkoSE.Sprint1.Task1.V22.Lib", "Tyuiu.MironenkoSE.Sprint1.Task1.V22.Lib\Tyuiu.MironenkoSE.Sprint1.Task1.V22.Lib.csproj", "{D3943D4E-59E3-4E20-9E8C-1E5CA18E4E20}"
EndProject
Project("{FAE04EC0-301F-11D3-BF4B-00C04F79EFBC}") = "Tyuiu.MironenkoSE.Sprint1.Task2.V12.Lib", "Tyuiu.MironenkoSE.Sprint1.Task2.V12.Lib\Tyuiu.MironenkoSE.Sprint1.Task2.V12.Lib.csproj", "{7922B96E-5924-4789-9A00-1969F9696A7C}"
EndProject
Project("{FAE04EC0-301F-11D3-BF4B-00C04F79EFBC}") = "Tyuiu.MironenkoSE.Sprint1.Task2.V12.Test", "Tyuiu.MironenkoSE.Sprint1.Task2.V12.Test\Tyuiu.MironenkoSE.Sprint1.Task2.V12.Test.csproj", "{D523B359-F23A-44EA-9185-29A8100C50E4}"
EndProject
Project("{FAE04EC0-301F-11D3-BF4B-00C04F79EFBC}") = "Tyuiu.MironenkoSE.Sprint1.Task2.V12", "Tyuiu.MironenkoSE.Sprint1.Task2.V12\Tyuiu.MironenkoSE.Sprint1.Task2.V12.csproj", "{9C687A5C-97D4-45E8-BEE4-3E7F75EFE888}"
EndProject
Project("{FAE04EC0-301F-11D3-BF4B-00C04F79EFBC}") = "Tyuiu.MironenkoSE.Sprint1.Task3.V17", "Tyuiu.MironenkoSE.Sprint1.Task3.V17\Tyuiu.MironenkoSE.Sprint1.Task3.V17.csproj", "{0BE35375-48C2-4F72-A1E2-47A2AABD1B90}"
EndProject
Project("{FAE04EC0-301F-11D3-BF4B-00C04F79EFBC}") = "Tyuiu.MironenkoSE.Sprint1.Task3.V17.Test", "Tyuiu.MironenkoSE.Sprint1.Task3.V17.Test\Tyuiu.MironenkoSE.Sprint1.Task3.V17.Test.csproj", "{7257E431-10A9-4CD6-865D-0CD48757E437}"
EndProject
Project("{FAE04EC0-301F-11D3-BF4B-00C04F79EFBC}") = "Tyuiu.MironenkoSE.Sprint1.Task3.V17.Lib", "Tyuiu.MironenkoSE.Sprint1.Task3.V17.Lib\Tyuiu.MironenkoSE.Sprint1.Task3.V17.Lib.csproj", "{F5BC676C-F035-43C0-B500-2B614C870D12}"
EndProject
Global
	GlobalSection(SolutionConfigurationPlatforms) = preSolution
		Debug|Any CPU = Debug|Any CPU
		Release|Any CPU = Release|Any CPU
	EndGlobalSection
	GlobalSection(ProjectConfigurationPlatforms) = postSolution
		{BBB73EA9-1532-428D-B824-583C6C7CF8CD}.Debug|Any CPU.ActiveCfg = Debug|Any CPU
		{BBB73EA9-1532-428D-B824-583C6C7CF8CD}.Debug|Any CPU.Build.0 = Debug|Any CPU
		{BBB73EA9-1532-428D-B824-583C6C7CF8CD}.Release|Any CPU.ActiveCfg = Release|Any CPU
		{BBB73EA9-1532-428D-B824-583C6C7CF8CD}.Release|Any CPU.Build.0 = Release|Any CPU
		{7DBEEBC3-3045-4560-8D7D-D99858B71D86}.Debug|Any CPU.ActiveCfg = Debug|Any CPU
		{7DBEEBC3-3045-4560-8D7D-D99858B71D86}.Debug|Any CPU.Build.0 = Debug|Any CPU
		{7DBEEBC3-3045-4560-8D7D-D99858B71D86}.Release|Any CPU.ActiveCfg = Release|Any CPU
		{7DBEEBC3-3045-4560-8D7D-D99858B71D86}.Release|Any CPU.Build.0 = Release|Any CPU
		{246865EC-BDEB-420D-8790-FF759F1D63FF}.Debug|Any CPU.ActiveCfg = Debug|Any CPU
		{246865EC-BDEB-420D-8790-FF759F1D63FF}.Debug|Any CPU.Build.0 = Debug|Any CPU
		{246865EC-BDEB-420D-8790-FF759F1D63FF}.Release|Any CPU.ActiveCfg = Release|Any CPU
		{246865EC-BDEB-420D-8790-FF759F1D63FF}.Release|Any CPU.Build.0 = Release|Any CPU
		{94D5294E-5952-475B-802B-77C85B723F37}.Debug|Any CPU.ActiveCfg = Debug|Any CPU
		{94D5294E-5952-475B-802B-77C85B723F37}.Debug|Any CPU.Build.0 = Debug|Any CPU
		{94D5294E-5952-475B-802B-77C85B723F37}.Release|Any CPU.ActiveCfg = Release|Any CPU
		{94D5294E-5952-475B-802B-77C85B723F37}.Release|Any CPU.Build.0 = Release|Any CPU
		{E809BB02-C51C-444E-9DD4-6F3170F0D757}.Debug|Any CPU.ActiveCfg = Debug|Any CPU
		{E809BB02-C51C-444E-9DD4-6F3170F0D757}.Debug|Any CPU.Build.0 = Debug|Any CPU
		{E809BB02-C51C-444E-9DD4-6F3170F0D757}.Release|Any CPU.ActiveCfg = Release|Any CPU
		{E809BB02-C51C-444E-9DD4-6F3170F0D757}.Release|Any CPU.Build.0 = Release|Any CPU
		{D3943D4E-59E3-4E20-9E8C-1E5CA18E4E20}.Debug|Any CPU.ActiveCfg = Debug|Any CPU
		{D3943D4E-59E3-4E20-9E8C-1E5CA18E4E20}.Debug|Any CPU.Build.0 = Debug|Any CPU
		{D3943D4E-59E3-4E20-9E8C-1E5CA18E4E20}.Release|Any CPU.ActiveCfg = Release|Any CPU
		{D3943D4E-59E3-4E20-9E8C-1E5CA18E4E20}.Release|Any CPU.Build.0 = Release|Any CPU
		{7922B96E-5924-4789-9A00-1969F9696A7C}.Debug|Any CPU.ActiveCfg = Debug|Any CPU
		{7922B96E-5924-4789-9A00-1969F9696A7C}.Debug|Any CPU.Build.0 = Debug|Any CPU
		{7922B96E-5924-4789-9A00-1969F9696A7C}.Release|Any CPU.ActiveCfg = Release|Any CPU
		{7922B96E-5924-4789-9A00-1969F9696A7C}.Release|Any CPU.Build.0 = Release|Any CPU
		{D523B359-F23A-44EA-9185-29A8100C50E4}.Debug|Any CPU.ActiveCfg = Debug|Any CPU
		{D523B359-F23A-44EA-9185-29A8100C50E4}.Debug|Any CPU.Build.0 = Debug|Any CPU
		{D523B359-F23A-44EA-9185-29A8100C50E4}.Release|Any CPU.ActiveCfg = Release|Any CPU
		{D523B359-F23A-44EA-9185-29A8100C50E4}.Release|Any CPU.Build.0 = Release|Any CPU
		{9C687A5C-97D4-45E8-BEE4-3E7F75EFE888}.Debug|Any CPU.ActiveCfg = Debug|Any CPU
		{9C687A5C-97D4-45E8-BEE4-3E7F75EFE888}.Debug|Any CPU.Build.0 = Debug|Any CPU
		{9C687A5C-97D4-45E8-BEE4-3E7F75EFE888}.Release|Any CPU.ActiveCfg = Release|Any CPU
		{9C687A5C-97D4-45E8-BEE4-3E7F75EFE888}.Release|Any CPU.Build.0 = Release|Any CPU
		{0BE35375-48C2-4F72-A1E2-47A2AABD1B90}.Debug|Any CPU.ActiveCfg = Debug|Any CPU
		{0BE35375-48C2-4F72-A1E2-47A2AABD1B90}.Debug|Any CPU.Build.0 = Debug|Any CPU
		{0BE35375-48C2-4F72-A1E2-47A2AABD1B90}.Release|Any CPU.ActiveCfg = Release|Any CPU
		{0BE35375-48C2-4F72-A1E2-47A2AABD1B90}.Release|Any CPU.Build.0 = Release|Any CPU
		{7257E431-10A9-4CD6-865D-0CD48757E437}.Debug|Any CPU.ActiveCfg = Debug|Any CPU
		{7257E431-10A9-4CD6-865D-0CD48757E437}.Debug|Any CPU.Build.0 = Debug|Any CPU
		{7257E431-10A9-4CD6-865D-0CD48757E437}.Release|Any CPU.ActiveCfg = Release|Any CPU
		{7257E431-10A9-4CD6-865D-0CD48757E437}.Release|Any CPU.Build.0 = Release|Any CPU
		{F5BC676C-F035-43C0-B500-2B614C870D12}.Debug|Any CPU.ActiveCfg = Debug|Any CPU
		{F5BC676C-F035-43C0-B500-2B614C870D12}.Debug|Any CPU.Build.0 = Debug|Any CPU
		{F5BC676C-F035-43C0-B500-2B614C870D12}.Release|Any CPU.ActiveCfg = Release|Any CPU
		{F5BC676C-F035-43C0-B500-2B614C870D12}.Release|Any CPU.Build.0 = Release|Any CPU
	EndGlobalSection
	GlobalSection(SolutionProperties) = preSolution
		HideSolutionNode = FALSE
	EndGlobalSection
	GlobalSection(NestedProjects) = preSolution
		{BBB73EA9-1532-428D-B824-583C6C7CF8CD} = {5D7B92E5-EC6C-4D8F-B791-612509564683}
		{7DBEEBC3-3045-4560-8D7D-D99858B71D86} = {5D7B92E5-EC6C-4D8F-B791-612509564683}
		{246865EC-BDEB-420D-8790-FF759F1D63FF} = {5D7B92E5-EC6C-4D8F-B791-612509564683}
		{94D5294E-5952-475B-802B-77C85B723F37} = {14BA72D4-B5A6-4318-86BC-CD13FC5006B8}
		{E809BB02-C51C-444E-9DD4-6F3170F0D757} = {14BA72D4-B5A6-4318-86BC-CD13FC5006B8}
		{D3943D4E-59E3-4E20-9E8C-1E5CA18E4E20} = {14BA72D4-B5A6-4318-86BC-CD13FC5006B8}
		{7922B96E-5924-4789-9A00-1969F9696A7C} = {B64836E0-44C4-4E06-B57C-C847BAFC9A0E}
		{D523B359-F23A-44EA-9185-29A8100C50E4} = {B64836E0-44C4-4E06-B57C-C847BAFC9A0E}
		{9C687A5C-97D4-45E8-BEE4-3E7F75EFE888} = {B64836E0-44C4-4E06-B57C-C847BAFC9A0E}
		{0BE35375-48C2-4F72-A1E2-47A2AABD1B90} = {A923C9D0-5E5D-48AF-80DB-7A44D3AC9A23}
		{7257E431-10A9-4CD6-865D-0CD48757E437} = {A923C9D0-5E5D-48AF-80DB-7A44D3AC9A23}
		{F5BC676C-F035-43C0-B500-2B614C870D12} = {A923C9D0-5E5D-48AF-80DB-7A44D3AC9A23}
	EndGlobalSection
	GlobalSection(ExtensibilityGlobals) = postSolution
		SolutionGuid = {96BA17AC-9D57-4FC2-91EC-C83AA6B6FD1D}
	EndGlobalSection
EndGlobal
